
Microsoft Visual Studio Solution File, Format Version 12.00
# Visual Studio 15
VisualStudioVersion = 15.0.26430.16
MinimumVisualStudioVersion = 10.0.40219.1
Project("{8BC9CEB8-8B4A-11D0-8D11-00A0C91BC942}") = "cleaner", "cleaner\cleaner.vcxproj", "{EFEAFCA6-12A5-4DB5-AFFA-15F19922317F}"
EndProject
Project("{8BC9CEB8-8B4A-11D0-8D11-00A0C91BC942}") = "client", "client\client.vcxproj", "{DB0B231C-21A6-4789-B2F7-00312DB2B11D}"
EndProject
Project("{8BC9CEB8-8B4A-11D0-8D11-00A0C91BC942}") = "data_hashing_utility", "data_hashing_utility\data_hashing_utility.vcxproj", "{928C3F84-52E5-47FA-B0B1-68EAE47972F2}"
EndProject
Project("{8BC9CEB8-8B4A-11D0-8D11-00A0C91BC942}") = "run_expansion_generation", "run_expansion_generation\run_expansion_generation.vcxproj", "{D8B16491-9CD2-488C-96BF-B25CB27CEB78}"
EndProject
Project("{8BC9CEB8-8B4A-11D0-8D11-00A0C91BC942}") = "server", "server\server.vcxproj", "{39E1B8CF-7605-4AC0-A9AC-DF97FA25D506}"
EndProject
Project("{8BC9CEB8-8B4A-11D0-8D11-00A0C91BC942}") = "GA_support_service", "GA_support_service\GA_support_service.vcxproj", "{F94FE873-E31B-4D5A-B7D0-3F4DB387C6A2}"
EndProject
Global
	GlobalSection(SolutionConfigurationPlatforms) = preSolution
		Debug|x64 = Debug|x64
		Debug|x86 = Debug|x86
		Release|x64 = Release|x64
		Release|x86 = Release|x86
	EndGlobalSection
	GlobalSection(ProjectConfigurationPlatforms) = postSolution
		{EFEAFCA6-12A5-4DB5-AFFA-15F19922317F}.Debug|x64.ActiveCfg = Debug|x64
		{EFEAFCA6-12A5-4DB5-AFFA-15F19922317F}.Debug|x64.Build.0 = Debug|x64
		{EFEAFCA6-12A5-4DB5-AFFA-15F19922317F}.Debug|x86.ActiveCfg = Debug|Win32
		{EFEAFCA6-12A5-4DB5-AFFA-15F19922317F}.Debug|x86.Build.0 = Debug|Win32
		{EFEAFCA6-12A5-4DB5-AFFA-15F19922317F}.Release|x64.ActiveCfg = Release|x64
		{EFEAFCA6-12A5-4DB5-AFFA-15F19922317F}.Release|x64.Build.0 = Release|x64
		{EFEAFCA6-12A5-4DB5-AFFA-15F19922317F}.Release|x86.ActiveCfg = Release|Win32
		{EFEAFCA6-12A5-4DB5-AFFA-15F19922317F}.Release|x86.Build.0 = Release|Win32
		{DB0B231C-21A6-4789-B2F7-00312DB2B11D}.Debug|x64.ActiveCfg = Debug|x64
		{DB0B231C-21A6-4789-B2F7-00312DB2B11D}.Debug|x64.Build.0 = Debug|x64
		{DB0B231C-21A6-4789-B2F7-00312DB2B11D}.Debug|x86.ActiveCfg = Debug|Win32
		{DB0B231C-21A6-4789-B2F7-00312DB2B11D}.Debug|x86.Build.0 = Debug|Win32
		{DB0B231C-21A6-4789-B2F7-00312DB2B11D}.Release|x64.ActiveCfg = Release|x64
		{DB0B231C-21A6-4789-B2F7-00312DB2B11D}.Release|x64.Build.0 = Release|x64
		{DB0B231C-21A6-4789-B2F7-00312DB2B11D}.Release|x86.ActiveCfg = Release|Win32
		{DB0B231C-21A6-4789-B2F7-00312DB2B11D}.Release|x86.Build.0 = Release|Win32
		{928C3F84-52E5-47FA-B0B1-68EAE47972F2}.Debug|x64.ActiveCfg = Debug|x64
		{928C3F84-52E5-47FA-B0B1-68EAE47972F2}.Debug|x64.Build.0 = Debug|x64
		{928C3F84-52E5-47FA-B0B1-68EAE47972F2}.Debug|x86.ActiveCfg = Debug|Win32
		{928C3F84-52E5-47FA-B0B1-68EAE47972F2}.Debug|x86.Build.0 = Debug|Win32
		{928C3F84-52E5-47FA-B0B1-68EAE47972F2}.Release|x64.ActiveCfg = Release|x64
		{928C3F84-52E5-47FA-B0B1-68EAE47972F2}.Release|x64.Build.0 = Release|x64
		{928C3F84-52E5-47FA-B0B1-68EAE47972F2}.Release|x86.ActiveCfg = Release|Win32
		{928C3F84-52E5-47FA-B0B1-68EAE47972F2}.Release|x86.Build.0 = Release|Win32
		{D8B16491-9CD2-488C-96BF-B25CB27CEB78}.Debug|x64.ActiveCfg = Debug|x64
		{D8B16491-9CD2-488C-96BF-B25CB27CEB78}.Debug|x64.Build.0 = Debug|x64
		{D8B16491-9CD2-488C-96BF-B25CB27CEB78}.Debug|x86.ActiveCfg = Debug|Win32
		{D8B16491-9CD2-488C-96BF-B25CB27CEB78}.Debug|x86.Build.0 = Debug|Win32
		{D8B16491-9CD2-488C-96BF-B25CB27CEB78}.Release|x64.ActiveCfg = Release|x64
		{D8B16491-9CD2-488C-96BF-B25CB27CEB78}.Release|x64.Build.0 = Release|x64
		{D8B16491-9CD2-488C-96BF-B25CB27CEB78}.Release|x86.ActiveCfg = Release|Win32
		{D8B16491-9CD2-488C-96BF-B25CB27CEB78}.Release|x86.Build.0 = Release|Win32
		{39E1B8CF-7605-4AC0-A9AC-DF97FA25D506}.Debug|x64.ActiveCfg = Debug|x64
		{39E1B8CF-7605-4AC0-A9AC-DF97FA25D506}.Debug|x64.Build.0 = Debug|x64
		{39E1B8CF-7605-4AC0-A9AC-DF97FA25D506}.Debug|x86.ActiveCfg = Debug|Win32
		{39E1B8CF-7605-4AC0-A9AC-DF97FA25D506}.Debug|x86.Build.0 = Debug|Win32
		{39E1B8CF-7605-4AC0-A9AC-DF97FA25D506}.Release|x64.ActiveCfg = Release|x64
		{39E1B8CF-7605-4AC0-A9AC-DF97FA25D506}.Release|x64.Build.0 = Release|x64
		{39E1B8CF-7605-4AC0-A9AC-DF97FA25D506}.Release|x86.ActiveCfg = Release|Win32
		{39E1B8CF-7605-4AC0-A9AC-DF97FA25D506}.Release|x86.Build.0 = Release|Win32
		{F94FE873-E31B-4D5A-B7D0-3F4DB387C6A2}.Debug|x64.ActiveCfg = Debug|x64
		{F94FE873-E31B-4D5A-B7D0-3F4DB387C6A2}.Debug|x64.Build.0 = Debug|x64
		{F94FE873-E31B-4D5A-B7D0-3F4DB387C6A2}.Debug|x86.ActiveCfg = Debug|Win32
		{F94FE873-E31B-4D5A-B7D0-3F4DB387C6A2}.Debug|x86.Build.0 = Debug|Win32
		{F94FE873-E31B-4D5A-B7D0-3F4DB387C6A2}.Release|x64.ActiveCfg = Release|x64
		{F94FE873-E31B-4D5A-B7D0-3F4DB387C6A2}.Release|x64.Build.0 = Release|x64
		{F94FE873-E31B-4D5A-B7D0-3F4DB387C6A2}.Release|x86.ActiveCfg = Release|Win32
		{F94FE873-E31B-4D5A-B7D0-3F4DB387C6A2}.Release|x86.Build.0 = Release|Win32
	EndGlobalSection
	GlobalSection(SolutionProperties) = preSolution
		HideSolutionNode = FALSE
	EndGlobalSection
EndGlobal
